
Microsoft Visual Studio Solution File, Format Version 12.00
# Visual Studio Version 16
VisualStudioVersion = 16.0.29709.97
MinimumVisualStudioVersion = 10.0.40219.1
Project("{FAE04EC0-301F-11D3-BF4B-00C04F79EFBC}") = "Test 1", "Test 1\Test 1.csproj", "{C9383652-79CB-455D-9729-F5B7F9C3990C}"
EndProject
Global
	GlobalSection(SolutionConfigurationPlatforms) = preSolution
		Debug|Any CPU = Debug|Any CPU
		Release|Any CPU = Release|Any CPU
	EndGlobalSection
	GlobalSection(ProjectConfigurationPlatforms) = postSolution
		{C9383652-79CB-455D-9729-F5B7F9C3990C}.Debug|Any CPU.ActiveCfg = Debug|Any CPU
		{C9383652-79CB-455D-9729-F5B7F9C3990C}.Debug|Any CPU.Build.0 = Debug|Any CPU
		{C9383652-79CB-455D-9729-F5B7F9C3990C}.Release|Any CPU.ActiveCfg = Release|Any CPU
		{C9383652-79CB-455D-9729-F5B7F9C3990C}.Release|Any CPU.Build.0 = Release|Any CPU
	EndGlobalSection
	GlobalSection(SolutionProperties) = preSolution
		HideSolutionNode = FALSE
	EndGlobalSection
	GlobalSection(ExtensibilityGlobals) = postSolution
		SolutionGuid = {92354722-413C-4FAE-9556-B70A98D31577}
	EndGlobalSection
EndGlobal
